
Microsoft Visual Studio Solution File, Format Version 12.00
# Visual Studio 15
VisualStudioVersion = 15.0.26430.15
MinimumVisualStudioVersion = 10.0.40219.1
Project("{FAE04EC0-301F-11D3-BF4B-00C04F79EFBC}") = "Zoo", "TestDrivenDevelopment\Zoo.csproj", "{08CFAE30-93EA-4FDD-9DE8-F367B25B15CF}"
EndProject
Project("{FAE04EC0-301F-11D3-BF4B-00C04F79EFBC}") = "Zoo.Tests", "UnitTests\Zoo.Tests.csproj", "{FAC12893-F8B5-4528-BAF3-A7707393D7A7}"
EndProject
Global
	GlobalSection(SolutionConfigurationPlatforms) = preSolution
		Debug|Any CPU = Debug|Any CPU
		Release|Any CPU = Release|Any CPU
	EndGlobalSection
	GlobalSection(ProjectConfigurationPlatforms) = postSolution
		{08CFAE30-93EA-4FDD-9DE8-F367B25B15CF}.Debug|Any CPU.ActiveCfg = Debug|Any CPU
		{08CFAE30-93EA-4FDD-9DE8-F367B25B15CF}.Debug|Any CPU.Build.0 = Debug|Any CPU
		{08CFAE30-93EA-4FDD-9DE8-F367B25B15CF}.Release|Any CPU.ActiveCfg = Release|Any CPU
		{08CFAE30-93EA-4FDD-9DE8-F367B25B15CF}.Release|Any CPU.Build.0 = Release|Any CPU
		{FAC12893-F8B5-4528-BAF3-A7707393D7A7}.Debug|Any CPU.ActiveCfg = Debug|Any CPU
		{FAC12893-F8B5-4528-BAF3-A7707393D7A7}.Debug|Any CPU.Build.0 = Debug|Any CPU
		{FAC12893-F8B5-4528-BAF3-A7707393D7A7}.Release|Any CPU.ActiveCfg = Release|Any CPU
		{FAC12893-F8B5-4528-BAF3-A7707393D7A7}.Release|Any CPU.Build.0 = Release|Any CPU
	EndGlobalSection
	GlobalSection(SolutionProperties) = preSolution
		HideSolutionNode = FALSE
	EndGlobalSection
EndGlobal
